
Microsoft Visual Studio Solution File, Format Version 12.00
# Visual Studio Version 16
VisualStudioVersion = 16.0.30406.217
MinimumVisualStudioVersion = 10.0.40219.1
Project("{2150E333-8FDC-42A3-9474-1A3956D46DE8}") = "0 - API", "0 - API", "{88CFC37D-9398-48B5-9132-FF07E78430FE}"
EndProject
Project("{2150E333-8FDC-42A3-9474-1A3956D46DE8}") = "src", "src", "{9373DB7D-E97E-48BC-B144-C64E4A636885}"
EndProject
Project("{2150E333-8FDC-42A3-9474-1A3956D46DE8}") = "1 - Application", "1 - Application", "{EF743172-D9D8-4AE3-90CF-1D99D73AF9F9}"
EndProject
Project("{2150E333-8FDC-42A3-9474-1A3956D46DE8}") = "2 - Domain", "2 - Domain", "{E2AB7181-AB06-4CA4-BB1C-D1FC0F2C1A9F}"
EndProject
Project("{2150E333-8FDC-42A3-9474-1A3956D46DE8}") = "3 - CrossCutting", "3 - CrossCutting", "{E57BC20A-9387-44AC-94FA-60ED1FA4230A}"
EndProject
Project("{2150E333-8FDC-42A3-9474-1A3956D46DE8}") = "test", "test", "{7AB2929F-3AE5-4712-9477-03BEB3BA3A8E}"
EndProject
Project("{9A19103F-16F7-4668-BE54-9A1E7A4F7556}") = "Poll.Web", "src\Poll.Web\Poll.Web.csproj", "{3142BD5A-C501-4E19-8E69-724BA056A466}"
EndProject
Project("{9A19103F-16F7-4668-BE54-9A1E7A4F7556}") = "Poll.Application", "src\Poll.Application\Poll.Application.csproj", "{9D8C4807-00E5-4483-B228-05AF148B58C7}"
EndProject
Project("{9A19103F-16F7-4668-BE54-9A1E7A4F7556}") = "Poll.Domain", "src\Poll.Domain\Poll.Domain.csproj", "{519E1E45-CC04-4FAF-9618-FF2BD22651AF}"
EndProject
Project("{9A19103F-16F7-4668-BE54-9A1E7A4F7556}") = "Poll.Infra", "src\Poll.Infra\Poll.Infra.csproj", "{6D3573C5-F54C-4336-8518-4FA21A59EAC0}"
EndProject
Project("{9A19103F-16F7-4668-BE54-9A1E7A4F7556}") = "Poll.Tests", "test\Poll.Tests\Poll.Tests.csproj", "{471C2EAA-F141-402B-80DC-B6D9A0668077}"
EndProject
Global
	GlobalSection(SolutionConfigurationPlatforms) = preSolution
		Debug|Any CPU = Debug|Any CPU
		Release|Any CPU = Release|Any CPU
	EndGlobalSection
	GlobalSection(ProjectConfigurationPlatforms) = postSolution
		{3142BD5A-C501-4E19-8E69-724BA056A466}.Debug|Any CPU.ActiveCfg = Debug|Any CPU
		{3142BD5A-C501-4E19-8E69-724BA056A466}.Debug|Any CPU.Build.0 = Debug|Any CPU
		{3142BD5A-C501-4E19-8E69-724BA056A466}.Release|Any CPU.ActiveCfg = Release|Any CPU
		{3142BD5A-C501-4E19-8E69-724BA056A466}.Release|Any CPU.Build.0 = Release|Any CPU
		{9D8C4807-00E5-4483-B228-05AF148B58C7}.Debug|Any CPU.ActiveCfg = Debug|Any CPU
		{9D8C4807-00E5-4483-B228-05AF148B58C7}.Debug|Any CPU.Build.0 = Debug|Any CPU
		{9D8C4807-00E5-4483-B228-05AF148B58C7}.Release|Any CPU.ActiveCfg = Release|Any CPU
		{9D8C4807-00E5-4483-B228-05AF148B58C7}.Release|Any CPU.Build.0 = Release|Any CPU
		{519E1E45-CC04-4FAF-9618-FF2BD22651AF}.Debug|Any CPU.ActiveCfg = Debug|Any CPU
		{519E1E45-CC04-4FAF-9618-FF2BD22651AF}.Debug|Any CPU.Build.0 = Debug|Any CPU
		{519E1E45-CC04-4FAF-9618-FF2BD22651AF}.Release|Any CPU.ActiveCfg = Release|Any CPU
		{519E1E45-CC04-4FAF-9618-FF2BD22651AF}.Release|Any CPU.Build.0 = Release|Any CPU
		{6D3573C5-F54C-4336-8518-4FA21A59EAC0}.Debug|Any CPU.ActiveCfg = Debug|Any CPU
		{6D3573C5-F54C-4336-8518-4FA21A59EAC0}.Debug|Any CPU.Build.0 = Debug|Any CPU
		{6D3573C5-F54C-4336-8518-4FA21A59EAC0}.Release|Any CPU.ActiveCfg = Release|Any CPU
		{6D3573C5-F54C-4336-8518-4FA21A59EAC0}.Release|Any CPU.Build.0 = Release|Any CPU
		{471C2EAA-F141-402B-80DC-B6D9A0668077}.Debug|Any CPU.ActiveCfg = Debug|Any CPU
		{471C2EAA-F141-402B-80DC-B6D9A0668077}.Debug|Any CPU.Build.0 = Debug|Any CPU
		{471C2EAA-F141-402B-80DC-B6D9A0668077}.Release|Any CPU.ActiveCfg = Release|Any CPU
		{471C2EAA-F141-402B-80DC-B6D9A0668077}.Release|Any CPU.Build.0 = Release|Any CPU
	EndGlobalSection
	GlobalSection(SolutionProperties) = preSolution
		HideSolutionNode = FALSE
	EndGlobalSection
	GlobalSection(NestedProjects) = preSolution
		{88CFC37D-9398-48B5-9132-FF07E78430FE} = {9373DB7D-E97E-48BC-B144-C64E4A636885}
		{EF743172-D9D8-4AE3-90CF-1D99D73AF9F9} = {9373DB7D-E97E-48BC-B144-C64E4A636885}
		{E2AB7181-AB06-4CA4-BB1C-D1FC0F2C1A9F} = {9373DB7D-E97E-48BC-B144-C64E4A636885}
		{E57BC20A-9387-44AC-94FA-60ED1FA4230A} = {9373DB7D-E97E-48BC-B144-C64E4A636885}
		{3142BD5A-C501-4E19-8E69-724BA056A466} = {88CFC37D-9398-48B5-9132-FF07E78430FE}
		{9D8C4807-00E5-4483-B228-05AF148B58C7} = {EF743172-D9D8-4AE3-90CF-1D99D73AF9F9}
		{519E1E45-CC04-4FAF-9618-FF2BD22651AF} = {E2AB7181-AB06-4CA4-BB1C-D1FC0F2C1A9F}
		{6D3573C5-F54C-4336-8518-4FA21A59EAC0} = {E57BC20A-9387-44AC-94FA-60ED1FA4230A}
		{471C2EAA-F141-402B-80DC-B6D9A0668077} = {7AB2929F-3AE5-4712-9477-03BEB3BA3A8E}
	EndGlobalSection
	GlobalSection(ExtensibilityGlobals) = postSolution
		SolutionGuid = {4006A6E1-77DA-4514-83D4-F672535D7D0E}
	EndGlobalSection
EndGlobal
